
Microsoft Visual Studio Solution File, Format Version 12.00
# Visual Studio Version 17
VisualStudioVersion = 17.9.34526.213
MinimumVisualStudioVersion = 10.0.40219.1
Project("{FAE04EC0-301F-11D3-BF4B-00C04F79EFBC}") = "DynamicDrive", "DynamicDrive\DynamicDrive.csproj", "{A8221615-CCA6-4B4E-82B2-B979FCF953B5}"
EndProject
Global
	GlobalSection(SolutionConfigurationPlatforms) = preSolution
		Debug|Any CPU = Debug|Any CPU
		Release|Any CPU = Release|Any CPU
	EndGlobalSection
	GlobalSection(ProjectConfigurationPlatforms) = postSolution
		{A8221615-CCA6-4B4E-82B2-B979FCF953B5}.Debug|Any CPU.ActiveCfg = Debug|Any CPU
		{A8221615-CCA6-4B4E-82B2-B979FCF953B5}.Debug|Any CPU.Build.0 = Debug|Any CPU
		{A8221615-CCA6-4B4E-82B2-B979FCF953B5}.Release|Any CPU.ActiveCfg = Release|Any CPU
		{A8221615-CCA6-4B4E-82B2-B979FCF953B5}.Release|Any CPU.Build.0 = Release|Any CPU
	EndGlobalSection
	GlobalSection(SolutionProperties) = preSolution
		HideSolutionNode = FALSE
	EndGlobalSection
	GlobalSection(ExtensibilityGlobals) = postSolution
		SolutionGuid = {7861725C-1C1D-4F47-BDC4-0E1D229EE73E}
	EndGlobalSection
EndGlobal
